
Microsoft Visual Studio Solution File, Format Version 12.00
# Visual Studio 15
VisualStudioVersion = 15.0.26430.6
MinimumVisualStudioVersion = 10.0.40219.1
Project("{FAE04EC0-301F-11D3-BF4B-00C04F79EFBC}") = "System.Linq.LevenshteinDistance", "System.Linq.LevenshteinDistance\System.Linq.LevenshteinDistance.csproj", "{E844EBA7-2A40-4BD9-AE00-25C47189F3F3}"
EndProject
Project("{FAE04EC0-301F-11D3-BF4B-00C04F79EFBC}") = "System.Linq.LevenshteinDistance.Tests", "System.Linq.LevenshteinDistance.Tests\System.Linq.LevenshteinDistance.Tests.csproj", "{5DC2BF35-698A-4BB4-BDB4-28F76700EDE1}"
EndProject
Global
	GlobalSection(SolutionConfigurationPlatforms) = preSolution
		Debug|Any CPU = Debug|Any CPU
		Release|Any CPU = Release|Any CPU
	EndGlobalSection
	GlobalSection(ProjectConfigurationPlatforms) = postSolution
		{E844EBA7-2A40-4BD9-AE00-25C47189F3F3}.Debug|Any CPU.ActiveCfg = Debug|Any CPU
		{E844EBA7-2A40-4BD9-AE00-25C47189F3F3}.Debug|Any CPU.Build.0 = Debug|Any CPU
		{E844EBA7-2A40-4BD9-AE00-25C47189F3F3}.Release|Any CPU.ActiveCfg = Release|Any CPU
		{E844EBA7-2A40-4BD9-AE00-25C47189F3F3}.Release|Any CPU.Build.0 = Release|Any CPU
		{5DC2BF35-698A-4BB4-BDB4-28F76700EDE1}.Debug|Any CPU.ActiveCfg = Debug|Any CPU
		{5DC2BF35-698A-4BB4-BDB4-28F76700EDE1}.Debug|Any CPU.Build.0 = Debug|Any CPU
		{5DC2BF35-698A-4BB4-BDB4-28F76700EDE1}.Release|Any CPU.ActiveCfg = Release|Any CPU
		{5DC2BF35-698A-4BB4-BDB4-28F76700EDE1}.Release|Any CPU.Build.0 = Release|Any CPU
	EndGlobalSection
	GlobalSection(SolutionProperties) = preSolution
		HideSolutionNode = FALSE
	EndGlobalSection
EndGlobal
